# This file is generated by running "yarn install" inside your project.
# Manual changes might be lost - proceed with caution!

__metadata:
  version: 4
  cacheKey: 7

"@saas-starter/root@workspace:.":
  version: 0.0.0-use.local
  resolution: "@saas-starter/root@workspace:."
  dependencies:
    husky: ^6.0.0
    prettier: 2.2.1
  languageName: unknown
  linkType: soft

"@sass-starter/api-server@workspace:packages/api-server":
  version: 0.0.0-use.local
  resolution: "@sass-starter/api-server@workspace:packages/api-server"
  languageName: unknown
  linkType: soft

"husky@npm:^6.0.0":
  version: 6.0.0
  resolution: "husky@npm:6.0.0"
  bin:
    husky: lib/bin.js
  checksum: 61e1f7f53f3c969d361c2a1d4ed8018b9447406ea6cd644a2526d18b76877d135001d8cbd48a1d201fc1614d96995e691ecd2b82a8d8513a6b4a313da1188ccd
  languageName: node
  linkType: hard

"prettier@npm:2.2.1":
  version: 2.2.1
  resolution: "prettier@npm:2.2.1"
  bin:
    prettier: bin-prettier.js
  checksum: 92c6c9f4b87eba1f28466edee57dd18c80d00b858edda77d46d1950d20e6e302b68ee255fc91133ba931e63c4577b5ae30da194d9626a8f3c0177778b91bf056
  languageName: node
  linkType: hard
